
Microsoft Visual Studio Solution File, Format Version 12.00
# Visual Studio 15
VisualStudioVersion = 15.0.28307.489
MinimumVisualStudioVersion = 10.0.40219.1
Project("{888888A0-9F3D-457C-B088-3A5042F75D52}") = "TC-ResNet", "TC-ResNet.pyproj", "{4F1C0B33-F640-4EC4-BAC5-9F75B6E5E67C}"
EndProject
Global
	GlobalSection(SolutionConfigurationPlatforms) = preSolution
		Debug|Any CPU = Debug|Any CPU
		Release|Any CPU = Release|Any CPU
	EndGlobalSection
	GlobalSection(ProjectConfigurationPlatforms) = postSolution
		{4F1C0B33-F640-4EC4-BAC5-9F75B6E5E67C}.Debug|Any CPU.ActiveCfg = Debug|Any CPU
		{4F1C0B33-F640-4EC4-BAC5-9F75B6E5E67C}.Release|Any CPU.ActiveCfg = Release|Any CPU
	EndGlobalSection
	GlobalSection(SolutionProperties) = preSolution
		HideSolutionNode = FALSE
	EndGlobalSection
	GlobalSection(ExtensibilityGlobals) = postSolution
		SolutionGuid = {520D93D1-41EA-4BD7-905A-804C7FE2F4DA}
	EndGlobalSection
EndGlobal
